
Microsoft Visual Studio Solution File, Format Version 12.00
# Visual Studio Express 2012 for Web
Project("{FAE04EC0-301F-11D3-BF4B-00C04F79EFBC}") = "CS026_EpicSpiesAssetTracker", "CS026_EpicSpiesAssetTracker\CS026_EpicSpiesAssetTracker.csproj", "{215B38CA-C6F7-4E7A-BE96-F45B23CBC222}"
EndProject
Global
	GlobalSection(SolutionConfigurationPlatforms) = preSolution
		Debug|Any CPU = Debug|Any CPU
		Release|Any CPU = Release|Any CPU
	EndGlobalSection
	GlobalSection(ProjectConfigurationPlatforms) = postSolution
		{215B38CA-C6F7-4E7A-BE96-F45B23CBC222}.Debug|Any CPU.ActiveCfg = Debug|Any CPU
		{215B38CA-C6F7-4E7A-BE96-F45B23CBC222}.Debug|Any CPU.Build.0 = Debug|Any CPU
		{215B38CA-C6F7-4E7A-BE96-F45B23CBC222}.Release|Any CPU.ActiveCfg = Release|Any CPU
		{215B38CA-C6F7-4E7A-BE96-F45B23CBC222}.Release|Any CPU.Build.0 = Release|Any CPU
	EndGlobalSection
	GlobalSection(SolutionProperties) = preSolution
		HideSolutionNode = FALSE
	EndGlobalSection
EndGlobal
