
Microsoft Visual Studio Solution File, Format Version 12.00
# Visual Studio Express 2012 for Web
Project("{FAE04EC0-301F-11D3-BF4B-00C04F79EFBC}") = "CS012_NotePreferance", "CS012_NotePreferance\CS012_NotePreferance.csproj", "{0378635F-E340-4093-B259-A779C14971FB}"
EndProject
Global
	GlobalSection(SolutionConfigurationPlatforms) = preSolution
		Debug|Any CPU = Debug|Any CPU
		Release|Any CPU = Release|Any CPU
	EndGlobalSection
	GlobalSection(ProjectConfigurationPlatforms) = postSolution
		{0378635F-E340-4093-B259-A779C14971FB}.Debug|Any CPU.ActiveCfg = Debug|Any CPU
		{0378635F-E340-4093-B259-A779C14971FB}.Debug|Any CPU.Build.0 = Debug|Any CPU
		{0378635F-E340-4093-B259-A779C14971FB}.Release|Any CPU.ActiveCfg = Release|Any CPU
		{0378635F-E340-4093-B259-A779C14971FB}.Release|Any CPU.Build.0 = Release|Any CPU
	EndGlobalSection
	GlobalSection(SolutionProperties) = preSolution
		HideSolutionNode = FALSE
	EndGlobalSection
EndGlobal
