
Microsoft Visual Studio Solution File, Format Version 12.00
# Visual Studio Express 2012 for Web
Project("{FAE04EC0-301F-11D3-BF4B-00C04F79EFBC}") = "CS019_EpicSpies", "CS019_EpicSpies\CS019_EpicSpies.csproj", "{A26B1AE6-A6FE-494E-A6E5-6528E79C4616}"
EndProject
Global
	GlobalSection(SolutionConfigurationPlatforms) = preSolution
		Debug|Any CPU = Debug|Any CPU
		Release|Any CPU = Release|Any CPU
	EndGlobalSection
	GlobalSection(ProjectConfigurationPlatforms) = postSolution
		{A26B1AE6-A6FE-494E-A6E5-6528E79C4616}.Debug|Any CPU.ActiveCfg = Debug|Any CPU
		{A26B1AE6-A6FE-494E-A6E5-6528E79C4616}.Debug|Any CPU.Build.0 = Debug|Any CPU
		{A26B1AE6-A6FE-494E-A6E5-6528E79C4616}.Release|Any CPU.ActiveCfg = Release|Any CPU
		{A26B1AE6-A6FE-494E-A6E5-6528E79C4616}.Release|Any CPU.Build.0 = Release|Any CPU
	EndGlobalSection
	GlobalSection(SolutionProperties) = preSolution
		HideSolutionNode = FALSE
	EndGlobalSection
EndGlobal
