
Microsoft Visual Studio Solution File, Format Version 12.00
# Visual Studio Express 2012 for Web
Project("{FAE04EC0-301F-11D3-BF4B-00C04F79EFBC}") = "CS035_PhunWithStrings", "CS035_PhunWithStrings\CS035_PhunWithStrings.csproj", "{DCB4D0DC-B13C-4B91-BC13-EBF29C3264EB}"
EndProject
Global
	GlobalSection(SolutionConfigurationPlatforms) = preSolution
		Debug|Any CPU = Debug|Any CPU
		Release|Any CPU = Release|Any CPU
	EndGlobalSection
	GlobalSection(ProjectConfigurationPlatforms) = postSolution
		{DCB4D0DC-B13C-4B91-BC13-EBF29C3264EB}.Debug|Any CPU.ActiveCfg = Debug|Any CPU
		{DCB4D0DC-B13C-4B91-BC13-EBF29C3264EB}.Debug|Any CPU.Build.0 = Debug|Any CPU
		{DCB4D0DC-B13C-4B91-BC13-EBF29C3264EB}.Release|Any CPU.ActiveCfg = Release|Any CPU
		{DCB4D0DC-B13C-4B91-BC13-EBF29C3264EB}.Release|Any CPU.Build.0 = Release|Any CPU
	EndGlobalSection
	GlobalSection(SolutionProperties) = preSolution
		HideSolutionNode = FALSE
	EndGlobalSection
EndGlobal
