
Microsoft Visual Studio Solution File, Format Version 12.00
# Visual Studio 14
VisualStudioVersion = 14.0.23107.0
MinimumVisualStudioVersion = 10.0.40219.1
Project("{FAE04EC0-301F-11D3-BF4B-00C04F79EFBC}") = "DateTime", "DateTime\DateTime.csproj", "{EB99E76C-4075-4A0A-A605-C6D33DCE385D}"
EndProject
Global
	GlobalSection(SolutionConfigurationPlatforms) = preSolution
		Debug|Any CPU = Debug|Any CPU
		Release|Any CPU = Release|Any CPU
	EndGlobalSection
	GlobalSection(ProjectConfigurationPlatforms) = postSolution
		{EB99E76C-4075-4A0A-A605-C6D33DCE385D}.Debug|Any CPU.ActiveCfg = Debug|Any CPU
		{EB99E76C-4075-4A0A-A605-C6D33DCE385D}.Debug|Any CPU.Build.0 = Debug|Any CPU
		{EB99E76C-4075-4A0A-A605-C6D33DCE385D}.Release|Any CPU.ActiveCfg = Release|Any CPU
		{EB99E76C-4075-4A0A-A605-C6D33DCE385D}.Release|Any CPU.Build.0 = Release|Any CPU
	EndGlobalSection
	GlobalSection(SolutionProperties) = preSolution
		HideSolutionNode = FALSE
	EndGlobalSection
EndGlobal
